
Microsoft Visual Studio Solution File, Format Version 12.00
# Visual Studio Version 16
VisualStudioVersion = 16.0.31729.503
MinimumVisualStudioVersion = 10.0.40219.1
Project("{9A19103F-16F7-4668-BE54-9A1E7A4F7556}") = "CryptoFinder", "CryptoFinder\CryptoFinder.csproj", "{FD8CE71B-55BF-42EB-B4F0-DAD622EA520E}"
EndProject
Project("{FAE04EC0-301F-11D3-BF4B-00C04F79EFBC}") = "CryptoFider.Test", "CryptoFider.Test\CryptoFider.Test.csproj", "{D84A4FA5-A151-41C5-ACF6-86C8503667AA}"
EndProject
Global
	GlobalSection(SolutionConfigurationPlatforms) = preSolution
		Debug|Any CPU = Debug|Any CPU
		Release|Any CPU = Release|Any CPU
	EndGlobalSection
	GlobalSection(ProjectConfigurationPlatforms) = postSolution
		{FD8CE71B-55BF-42EB-B4F0-DAD622EA520E}.Debug|Any CPU.ActiveCfg = Debug|Any CPU
		{FD8CE71B-55BF-42EB-B4F0-DAD622EA520E}.Debug|Any CPU.Build.0 = Debug|Any CPU
		{FD8CE71B-55BF-42EB-B4F0-DAD622EA520E}.Release|Any CPU.ActiveCfg = Release|Any CPU
		{FD8CE71B-55BF-42EB-B4F0-DAD622EA520E}.Release|Any CPU.Build.0 = Release|Any CPU
		{D84A4FA5-A151-41C5-ACF6-86C8503667AA}.Debug|Any CPU.ActiveCfg = Debug|Any CPU
		{D84A4FA5-A151-41C5-ACF6-86C8503667AA}.Debug|Any CPU.Build.0 = Debug|Any CPU
		{D84A4FA5-A151-41C5-ACF6-86C8503667AA}.Release|Any CPU.ActiveCfg = Release|Any CPU
		{D84A4FA5-A151-41C5-ACF6-86C8503667AA}.Release|Any CPU.Build.0 = Release|Any CPU
	EndGlobalSection
	GlobalSection(SolutionProperties) = preSolution
		HideSolutionNode = FALSE
	EndGlobalSection
	GlobalSection(ExtensibilityGlobals) = postSolution
		SolutionGuid = {E6481D19-B8C3-44D2-881B-9E4173264C8B}
	EndGlobalSection
EndGlobal
